
Microsoft Visual Studio Solution File, Format Version 12.00
# Visual Studio Version 17
VisualStudioVersion = 17.0.31903.59
MinimumVisualStudioVersion = 10.0.40219.1
Project("{2150E333-8FDC-42A3-9474-1A3956D46DE8}") = "src", "src", "{827E0CD3-B72D-47B6-A68D-7590B98EB39B}"
EndProject
Project("{FAE04EC0-301F-11D3-BF4B-00C04F79EFBC}") = "BeeLogistics.Api", "src\BeeLogistics.Api\BeeLogistics.Api.csproj", "{B499D0A5-5E3C-4A14-B8E0-BC486E0DFC72}"
EndProject
Project("{FAE04EC0-301F-11D3-BF4B-00C04F79EFBC}") = "BeeLogistics.Shared", "src\BeeLogistics.Shared\BeeLogistics.Shared.csproj", "{3663F656-1866-4770-A453-20FC81CB7C4A}"
EndProject
Project("{2150E333-8FDC-42A3-9474-1A3956D46DE8}") = "Modules", "Modules", "{EC447DCF-ABFA-6E24-52A5-D7FD48A5C558}"
EndProject
Project("{FAE04EC0-301F-11D3-BF4B-00C04F79EFBC}") = "BeeLogistics.Modules.Identity", "src\Modules\BeeLogistics.Modules.Identity\BeeLogistics.Modules.Identity.csproj", "{9286D407-A9C7-4507-AD5D-2175FDF43B7F}"
EndProject
Project("{FAE04EC0-301F-11D3-BF4B-00C04F79EFBC}") = "BeeLogistics.Modules.Bookings", "src\Modules\BeeLogistics.Modules.Bookings\BeeLogistics.Modules.Bookings.csproj", "{EE0717E1-3B37-4C0F-A531-51D3A076900D}"
EndProject
Project("{FAE04EC0-301F-11D3-BF4B-00C04F79EFBC}") = "BeeLogistics.Modules.Chat", "src\Modules\BeeLogistics.Modules.Chat\BeeLogistics.Modules.Chat.csproj", "{DAF36978-D58F-4AC5-A5A8-030859E55EFA}"
EndProject
Project("{FAE04EC0-301F-11D3-BF4B-00C04F79EFBC}") = "BeeLogistics.Modules.CRM", "src\Modules\BeeLogistics.Modules.CRM\BeeLogistics.Modules.CRM.csproj", "{D0B42C28-140A-4F28-B1EF-D32B5B06B53B}"
EndProject
Project("{FAE04EC0-301F-11D3-BF4B-00C04F79EFBC}") = "BeeLogistics.Modules.Fraud", "src\Modules\BeeLogistics.Modules.Fraud\BeeLogistics.Modules.Fraud.csproj", "{A1B2C3D4-E5F6-7890-ABCD-EF1234567890}"
EndProject
Project("{FAE04EC0-301F-11D3-BF4B-00C04F79EFBC}") = "BeeLogistics.Modules.Verification", "src\Modules\BeeLogistics.Modules.Verification\BeeLogistics.Modules.Verification.csproj", "{B1C2D3E4-F5A6-7890-BCDE-F12345678901}"
EndProject
Project("{FAE04EC0-301F-11D3-BF4B-00C04F79EFBC}") = "BeeLogistics.Modules.Revenue", "src\Modules\BeeLogistics.Modules.Revenue\BeeLogistics.Modules.Revenue.csproj", "{A0D5CFC0-BA89-40C1-AF33-BD033561B42C}"
EndProject
Project("{2150E333-8FDC-42A3-9474-1A3956D46DE8}") = "tests", "tests", "{0AB3BF05-4346-4AA6-1389-037BE0695223}"
EndProject
Project("{FAE04EC0-301F-11D3-BF4B-00C04F79EFBC}") = "BeeLogistics.Tests", "tests\BeeLogistics.Tests\BeeLogistics.Tests.csproj", "{DEEB17EF-BE05-4766-803A-1FBFD98878DD}"
EndProject
Project("{FAE04EC0-301F-11D3-BF4B-00C04F79EFBC}") = "BeeLogistics.Modules.Payment", "src\Modules\BeeLogistics.Modules.Payment\BeeLogistics.Modules.Payment.csproj", "{B5FC53BA-1D28-4FDD-8B24-5E2B91585C02}"
EndProject
Project("{FAE04EC0-301F-11D3-BF4B-00C04F79EFBC}") = "BeeLogistics.Modules.Map", "src\Modules\BeeLogistics.Modules.Map\BeeLogistics.Modules.Map.csproj", "{E12F758A-0C19-4FD1-ABD4-674761498EC9}"
EndProject
Project("{FAE04EC0-301F-11D3-BF4B-00C04F79EFBC}") = "BeeLogistics.Modules.Offers", "src\Modules\BeeLogistics.Modules.Offers\BeeLogistics.Modules.Offers.csproj", "{20AB156B-C0C0-4B85-9BA1-185E016BC34B}"
EndProject
Project("{FAE04EC0-301F-11D3-BF4B-00C04F79EFBC}") = "BeeLogistics.Modules.Integration", "src\Modules\BeeLogistics.Modules.Integration\BeeLogistics.Modules.Integration.csproj", "{999B41A7-9E8B-4A3F-94F0-C82E27EA6378}"
EndProject
Project("{2150E333-8FDC-42A3-9474-1A3956D46DE8}") = "Modules", "Modules", "{CA253913-39DE-BFD0-C9A3-4B7EC6FBDF17}"
EndProject
Project("{FAE04EC0-301F-11D3-BF4B-00C04F79EFBC}") = "BeeLogistics.Modules.Messaging", "src\Modules\BeeLogistics.Modules.Messaging\BeeLogistics.Modules.Messaging.csproj", "{B28BB91E-65B9-469C-9892-23A17797501F}"
EndProject
Global
	GlobalSection(SolutionConfigurationPlatforms) = preSolution
		Debug|Any CPU = Debug|Any CPU
		Debug|x64 = Debug|x64
		Debug|x86 = Debug|x86
		Release|Any CPU = Release|Any CPU
		Release|x64 = Release|x64
		Release|x86 = Release|x86
	EndGlobalSection
	GlobalSection(ProjectConfigurationPlatforms) = postSolution
		{B499D0A5-5E3C-4A14-B8E0-BC486E0DFC72}.Debug|Any CPU.ActiveCfg = Debug|Any CPU
		{B499D0A5-5E3C-4A14-B8E0-BC486E0DFC72}.Debug|Any CPU.Build.0 = Debug|Any CPU
		{B499D0A5-5E3C-4A14-B8E0-BC486E0DFC72}.Debug|x64.ActiveCfg = Debug|Any CPU
		{B499D0A5-5E3C-4A14-B8E0-BC486E0DFC72}.Debug|x64.Build.0 = Debug|Any CPU
		{B499D0A5-5E3C-4A14-B8E0-BC486E0DFC72}.Debug|x86.ActiveCfg = Debug|Any CPU
		{B499D0A5-5E3C-4A14-B8E0-BC486E0DFC72}.Debug|x86.Build.0 = Debug|Any CPU
		{B499D0A5-5E3C-4A14-B8E0-BC486E0DFC72}.Release|Any CPU.ActiveCfg = Release|Any CPU
		{B499D0A5-5E3C-4A14-B8E0-BC486E0DFC72}.Release|Any CPU.Build.0 = Release|Any CPU
		{B499D0A5-5E3C-4A14-B8E0-BC486E0DFC72}.Release|x64.ActiveCfg = Release|Any CPU
		{B499D0A5-5E3C-4A14-B8E0-BC486E0DFC72}.Release|x64.Build.0 = Release|Any CPU
		{B499D0A5-5E3C-4A14-B8E0-BC486E0DFC72}.Release|x86.ActiveCfg = Release|Any CPU
		{B499D0A5-5E3C-4A14-B8E0-BC486E0DFC72}.Release|x86.Build.0 = Release|Any CPU
		{3663F656-1866-4770-A453-20FC81CB7C4A}.Debug|Any CPU.ActiveCfg = Debug|Any CPU
		{3663F656-1866-4770-A453-20FC81CB7C4A}.Debug|Any CPU.Build.0 = Debug|Any CPU
		{3663F656-1866-4770-A453-20FC81CB7C4A}.Debug|x64.ActiveCfg = Debug|Any CPU
		{3663F656-1866-4770-A453-20FC81CB7C4A}.Debug|x64.Build.0 = Debug|Any CPU
		{3663F656-1866-4770-A453-20FC81CB7C4A}.Debug|x86.ActiveCfg = Debug|Any CPU
		{3663F656-1866-4770-A453-20FC81CB7C4A}.Debug|x86.Build.0 = Debug|Any CPU
		{3663F656-1866-4770-A453-20FC81CB7C4A}.Release|Any CPU.ActiveCfg = Release|Any CPU
		{3663F656-1866-4770-A453-20FC81CB7C4A}.Release|Any CPU.Build.0 = Release|Any CPU
		{3663F656-1866-4770-A453-20FC81CB7C4A}.Release|x64.ActiveCfg = Release|Any CPU
		{3663F656-1866-4770-A453-20FC81CB7C4A}.Release|x64.Build.0 = Release|Any CPU
		{3663F656-1866-4770-A453-20FC81CB7C4A}.Release|x86.ActiveCfg = Release|Any CPU
		{3663F656-1866-4770-A453-20FC81CB7C4A}.Release|x86.Build.0 = Release|Any CPU
		{9286D407-A9C7-4507-AD5D-2175FDF43B7F}.Debug|Any CPU.ActiveCfg = Debug|Any CPU
		{9286D407-A9C7-4507-AD5D-2175FDF43B7F}.Debug|Any CPU.Build.0 = Debug|Any CPU
		{9286D407-A9C7-4507-AD5D-2175FDF43B7F}.Debug|x64.ActiveCfg = Debug|Any CPU
		{9286D407-A9C7-4507-AD5D-2175FDF43B7F}.Debug|x64.Build.0 = Debug|Any CPU
		{9286D407-A9C7-4507-AD5D-2175FDF43B7F}.Debug|x86.ActiveCfg = Debug|Any CPU
		{9286D407-A9C7-4507-AD5D-2175FDF43B7F}.Debug|x86.Build.0 = Debug|Any CPU
		{9286D407-A9C7-4507-AD5D-2175FDF43B7F}.Release|Any CPU.ActiveCfg = Release|Any CPU
		{9286D407-A9C7-4507-AD5D-2175FDF43B7F}.Release|Any CPU.Build.0 = Release|Any CPU
		{9286D407-A9C7-4507-AD5D-2175FDF43B7F}.Release|x64.ActiveCfg = Release|Any CPU
		{9286D407-A9C7-4507-AD5D-2175FDF43B7F}.Release|x64.Build.0 = Release|Any CPU
		{9286D407-A9C7-4507-AD5D-2175FDF43B7F}.Release|x86.ActiveCfg = Release|Any CPU
		{9286D407-A9C7-4507-AD5D-2175FDF43B7F}.Release|x86.Build.0 = Release|Any CPU
		{EE0717E1-3B37-4C0F-A531-51D3A076900D}.Debug|Any CPU.ActiveCfg = Debug|Any CPU
		{EE0717E1-3B37-4C0F-A531-51D3A076900D}.Debug|Any CPU.Build.0 = Debug|Any CPU
		{EE0717E1-3B37-4C0F-A531-51D3A076900D}.Debug|x64.ActiveCfg = Debug|Any CPU
		{EE0717E1-3B37-4C0F-A531-51D3A076900D}.Debug|x64.Build.0 = Debug|Any CPU
		{EE0717E1-3B37-4C0F-A531-51D3A076900D}.Debug|x86.ActiveCfg = Debug|Any CPU
		{EE0717E1-3B37-4C0F-A531-51D3A076900D}.Debug|x86.Build.0 = Debug|Any CPU
		{EE0717E1-3B37-4C0F-A531-51D3A076900D}.Release|Any CPU.ActiveCfg = Release|Any CPU
		{EE0717E1-3B37-4C0F-A531-51D3A076900D}.Release|Any CPU.Build.0 = Release|Any CPU
		{EE0717E1-3B37-4C0F-A531-51D3A076900D}.Release|x64.ActiveCfg = Release|Any CPU
		{EE0717E1-3B37-4C0F-A531-51D3A076900D}.Release|x64.Build.0 = Release|Any CPU
		{EE0717E1-3B37-4C0F-A531-51D3A076900D}.Release|x86.ActiveCfg = Release|Any CPU
		{EE0717E1-3B37-4C0F-A531-51D3A076900D}.Release|x86.Build.0 = Release|Any CPU
		{DAF36978-D58F-4AC5-A5A8-030859E55EFA}.Debug|Any CPU.ActiveCfg = Debug|Any CPU
		{DAF36978-D58F-4AC5-A5A8-030859E55EFA}.Debug|Any CPU.Build.0 = Debug|Any CPU
		{DAF36978-D58F-4AC5-A5A8-030859E55EFA}.Debug|x64.ActiveCfg = Debug|Any CPU
		{DAF36978-D58F-4AC5-A5A8-030859E55EFA}.Debug|x64.Build.0 = Debug|Any CPU
		{DAF36978-D58F-4AC5-A5A8-030859E55EFA}.Debug|x86.ActiveCfg = Debug|Any CPU
		{DAF36978-D58F-4AC5-A5A8-030859E55EFA}.Debug|x86.Build.0 = Debug|Any CPU
		{DAF36978-D58F-4AC5-A5A8-030859E55EFA}.Release|Any CPU.ActiveCfg = Release|Any CPU
		{DAF36978-D58F-4AC5-A5A8-030859E55EFA}.Release|Any CPU.Build.0 = Release|Any CPU
		{DAF36978-D58F-4AC5-A5A8-030859E55EFA}.Release|x64.ActiveCfg = Release|Any CPU
		{DAF36978-D58F-4AC5-A5A8-030859E55EFA}.Release|x64.Build.0 = Release|Any CPU
		{DAF36978-D58F-4AC5-A5A8-030859E55EFA}.Release|x86.ActiveCfg = Release|Any CPU
		{DAF36978-D58F-4AC5-A5A8-030859E55EFA}.Release|x86.Build.0 = Release|Any CPU
		{D0B42C28-140A-4F28-B1EF-D32B5B06B53B}.Debug|Any CPU.ActiveCfg = Debug|Any CPU
		{D0B42C28-140A-4F28-B1EF-D32B5B06B53B}.Debug|Any CPU.Build.0 = Debug|Any CPU
		{D0B42C28-140A-4F28-B1EF-D32B5B06B53B}.Debug|x64.ActiveCfg = Debug|Any CPU
		{D0B42C28-140A-4F28-B1EF-D32B5B06B53B}.Debug|x64.Build.0 = Debug|Any CPU
		{D0B42C28-140A-4F28-B1EF-D32B5B06B53B}.Debug|x86.ActiveCfg = Debug|Any CPU
		{D0B42C28-140A-4F28-B1EF-D32B5B06B53B}.Debug|x86.Build.0 = Debug|Any CPU
		{D0B42C28-140A-4F28-B1EF-D32B5B06B53B}.Release|Any CPU.ActiveCfg = Release|Any CPU
		{D0B42C28-140A-4F28-B1EF-D32B5B06B53B}.Release|Any CPU.Build.0 = Release|Any CPU
		{D0B42C28-140A-4F28-B1EF-D32B5B06B53B}.Release|x64.ActiveCfg = Release|Any CPU
		{D0B42C28-140A-4F28-B1EF-D32B5B06B53B}.Release|x64.Build.0 = Release|Any CPU
		{D0B42C28-140A-4F28-B1EF-D32B5B06B53B}.Release|x86.ActiveCfg = Release|Any CPU
		{D0B42C28-140A-4F28-B1EF-D32B5B06B53B}.Release|x86.Build.0 = Release|Any CPU
		{A1B2C3D4-E5F6-7890-ABCD-EF1234567890}.Debug|Any CPU.ActiveCfg = Debug|Any CPU
		{A1B2C3D4-E5F6-7890-ABCD-EF1234567890}.Debug|Any CPU.Build.0 = Debug|Any CPU
		{A1B2C3D4-E5F6-7890-ABCD-EF1234567890}.Debug|x64.ActiveCfg = Debug|Any CPU
		{A1B2C3D4-E5F6-7890-ABCD-EF1234567890}.Debug|x64.Build.0 = Debug|Any CPU
		{A1B2C3D4-E5F6-7890-ABCD-EF1234567890}.Debug|x86.ActiveCfg = Debug|Any CPU
		{A1B2C3D4-E5F6-7890-ABCD-EF1234567890}.Debug|x86.Build.0 = Debug|Any CPU
		{A1B2C3D4-E5F6-7890-ABCD-EF1234567890}.Release|Any CPU.ActiveCfg = Release|Any CPU
		{A1B2C3D4-E5F6-7890-ABCD-EF1234567890}.Release|Any CPU.Build.0 = Release|Any CPU
		{A1B2C3D4-E5F6-7890-ABCD-EF1234567890}.Release|x64.ActiveCfg = Release|Any CPU
		{A1B2C3D4-E5F6-7890-ABCD-EF1234567890}.Release|x64.Build.0 = Release|Any CPU
		{A1B2C3D4-E5F6-7890-ABCD-EF1234567890}.Release|x86.ActiveCfg = Release|Any CPU
		{A1B2C3D4-E5F6-7890-ABCD-EF1234567890}.Release|x86.Build.0 = Release|Any CPU
		{B1C2D3E4-F5A6-7890-BCDE-F12345678901}.Debug|Any CPU.ActiveCfg = Debug|Any CPU
		{B1C2D3E4-F5A6-7890-BCDE-F12345678901}.Debug|Any CPU.Build.0 = Debug|Any CPU
		{B1C2D3E4-F5A6-7890-BCDE-F12345678901}.Debug|x64.ActiveCfg = Debug|Any CPU
		{B1C2D3E4-F5A6-7890-BCDE-F12345678901}.Debug|x64.Build.0 = Debug|Any CPU
		{B1C2D3E4-F5A6-7890-BCDE-F12345678901}.Debug|x86.ActiveCfg = Debug|Any CPU
		{B1C2D3E4-F5A6-7890-BCDE-F12345678901}.Debug|x86.Build.0 = Debug|Any CPU
		{B1C2D3E4-F5A6-7890-BCDE-F12345678901}.Release|Any CPU.ActiveCfg = Release|Any CPU
		{B1C2D3E4-F5A6-7890-BCDE-F12345678901}.Release|Any CPU.Build.0 = Release|Any CPU
		{B1C2D3E4-F5A6-7890-BCDE-F12345678901}.Release|x64.ActiveCfg = Release|Any CPU
		{B1C2D3E4-F5A6-7890-BCDE-F12345678901}.Release|x64.Build.0 = Release|Any CPU
		{B1C2D3E4-F5A6-7890-BCDE-F12345678901}.Release|x86.ActiveCfg = Release|Any CPU
		{B1C2D3E4-F5A6-7890-BCDE-F12345678901}.Release|x86.Build.0 = Release|Any CPU
		{A0D5CFC0-BA89-40C1-AF33-BD033561B42C}.Debug|Any CPU.ActiveCfg = Debug|Any CPU
		{A0D5CFC0-BA89-40C1-AF33-BD033561B42C}.Debug|Any CPU.Build.0 = Debug|Any CPU
		{A0D5CFC0-BA89-40C1-AF33-BD033561B42C}.Debug|x64.ActiveCfg = Debug|Any CPU
		{A0D5CFC0-BA89-40C1-AF33-BD033561B42C}.Debug|x64.Build.0 = Debug|Any CPU
		{A0D5CFC0-BA89-40C1-AF33-BD033561B42C}.Debug|x86.ActiveCfg = Debug|Any CPU
		{A0D5CFC0-BA89-40C1-AF33-BD033561B42C}.Debug|x86.Build.0 = Debug|Any CPU
		{A0D5CFC0-BA89-40C1-AF33-BD033561B42C}.Release|Any CPU.ActiveCfg = Release|Any CPU
		{A0D5CFC0-BA89-40C1-AF33-BD033561B42C}.Release|Any CPU.Build.0 = Release|Any CPU
		{A0D5CFC0-BA89-40C1-AF33-BD033561B42C}.Release|x64.ActiveCfg = Release|Any CPU
		{A0D5CFC0-BA89-40C1-AF33-BD033561B42C}.Release|x64.Build.0 = Release|Any CPU
		{A0D5CFC0-BA89-40C1-AF33-BD033561B42C}.Release|x86.ActiveCfg = Release|Any CPU
		{A0D5CFC0-BA89-40C1-AF33-BD033561B42C}.Release|x86.Build.0 = Release|Any CPU
		{DEEB17EF-BE05-4766-803A-1FBFD98878DD}.Debug|Any CPU.ActiveCfg = Debug|Any CPU
		{DEEB17EF-BE05-4766-803A-1FBFD98878DD}.Debug|Any CPU.Build.0 = Debug|Any CPU
		{DEEB17EF-BE05-4766-803A-1FBFD98878DD}.Debug|x64.ActiveCfg = Debug|Any CPU
		{DEEB17EF-BE05-4766-803A-1FBFD98878DD}.Debug|x64.Build.0 = Debug|Any CPU
		{DEEB17EF-BE05-4766-803A-1FBFD98878DD}.Debug|x86.ActiveCfg = Debug|Any CPU
		{DEEB17EF-BE05-4766-803A-1FBFD98878DD}.Debug|x86.Build.0 = Debug|Any CPU
		{DEEB17EF-BE05-4766-803A-1FBFD98878DD}.Release|Any CPU.ActiveCfg = Release|Any CPU
		{DEEB17EF-BE05-4766-803A-1FBFD98878DD}.Release|Any CPU.Build.0 = Release|Any CPU
		{DEEB17EF-BE05-4766-803A-1FBFD98878DD}.Release|x64.ActiveCfg = Release|Any CPU
		{DEEB17EF-BE05-4766-803A-1FBFD98878DD}.Release|x64.Build.0 = Release|Any CPU
		{DEEB17EF-BE05-4766-803A-1FBFD98878DD}.Release|x86.ActiveCfg = Release|Any CPU
		{DEEB17EF-BE05-4766-803A-1FBFD98878DD}.Release|x86.Build.0 = Release|Any CPU
		{B5FC53BA-1D28-4FDD-8B24-5E2B91585C02}.Debug|Any CPU.ActiveCfg = Debug|Any CPU
		{B5FC53BA-1D28-4FDD-8B24-5E2B91585C02}.Debug|Any CPU.Build.0 = Debug|Any CPU
		{B5FC53BA-1D28-4FDD-8B24-5E2B91585C02}.Debug|x64.ActiveCfg = Debug|Any CPU
		{B5FC53BA-1D28-4FDD-8B24-5E2B91585C02}.Debug|x64.Build.0 = Debug|Any CPU
		{B5FC53BA-1D28-4FDD-8B24-5E2B91585C02}.Debug|x86.ActiveCfg = Debug|Any CPU
		{B5FC53BA-1D28-4FDD-8B24-5E2B91585C02}.Debug|x86.Build.0 = Debug|Any CPU
		{B5FC53BA-1D28-4FDD-8B24-5E2B91585C02}.Release|Any CPU.ActiveCfg = Release|Any CPU
		{B5FC53BA-1D28-4FDD-8B24-5E2B91585C02}.Release|Any CPU.Build.0 = Release|Any CPU
		{B5FC53BA-1D28-4FDD-8B24-5E2B91585C02}.Release|x64.ActiveCfg = Release|Any CPU
		{B5FC53BA-1D28-4FDD-8B24-5E2B91585C02}.Release|x64.Build.0 = Release|Any CPU
		{B5FC53BA-1D28-4FDD-8B24-5E2B91585C02}.Release|x86.ActiveCfg = Release|Any CPU
		{B5FC53BA-1D28-4FDD-8B24-5E2B91585C02}.Release|x86.Build.0 = Release|Any CPU
		{E12F758A-0C19-4FD1-ABD4-674761498EC9}.Debug|Any CPU.ActiveCfg = Debug|Any CPU
		{E12F758A-0C19-4FD1-ABD4-674761498EC9}.Debug|Any CPU.Build.0 = Debug|Any CPU
		{E12F758A-0C19-4FD1-ABD4-674761498EC9}.Debug|x64.ActiveCfg = Debug|Any CPU
		{E12F758A-0C19-4FD1-ABD4-674761498EC9}.Debug|x64.Build.0 = Debug|Any CPU
		{E12F758A-0C19-4FD1-ABD4-674761498EC9}.Debug|x86.ActiveCfg = Debug|Any CPU
		{E12F758A-0C19-4FD1-ABD4-674761498EC9}.Debug|x86.Build.0 = Debug|Any CPU
		{E12F758A-0C19-4FD1-ABD4-674761498EC9}.Release|Any CPU.ActiveCfg = Release|Any CPU
		{E12F758A-0C19-4FD1-ABD4-674761498EC9}.Release|Any CPU.Build.0 = Release|Any CPU
		{E12F758A-0C19-4FD1-ABD4-674761498EC9}.Release|x64.ActiveCfg = Release|Any CPU
		{E12F758A-0C19-4FD1-ABD4-674761498EC9}.Release|x64.Build.0 = Release|Any CPU
		{E12F758A-0C19-4FD1-ABD4-674761498EC9}.Release|x86.ActiveCfg = Release|Any CPU
		{E12F758A-0C19-4FD1-ABD4-674761498EC9}.Release|x86.Build.0 = Release|Any CPU
		{20AB156B-C0C0-4B85-9BA1-185E016BC34B}.Debug|Any CPU.ActiveCfg = Debug|Any CPU
		{20AB156B-C0C0-4B85-9BA1-185E016BC34B}.Debug|Any CPU.Build.0 = Debug|Any CPU
		{20AB156B-C0C0-4B85-9BA1-185E016BC34B}.Debug|x64.ActiveCfg = Debug|Any CPU
		{20AB156B-C0C0-4B85-9BA1-185E016BC34B}.Debug|x64.Build.0 = Debug|Any CPU
		{20AB156B-C0C0-4B85-9BA1-185E016BC34B}.Debug|x86.ActiveCfg = Debug|Any CPU
		{20AB156B-C0C0-4B85-9BA1-185E016BC34B}.Debug|x86.Build.0 = Debug|Any CPU
		{20AB156B-C0C0-4B85-9BA1-185E016BC34B}.Release|Any CPU.ActiveCfg = Release|Any CPU
		{20AB156B-C0C0-4B85-9BA1-185E016BC34B}.Release|Any CPU.Build.0 = Release|Any CPU
		{20AB156B-C0C0-4B85-9BA1-185E016BC34B}.Release|x64.ActiveCfg = Release|Any CPU
		{20AB156B-C0C0-4B85-9BA1-185E016BC34B}.Release|x64.Build.0 = Release|Any CPU
		{20AB156B-C0C0-4B85-9BA1-185E016BC34B}.Release|x86.ActiveCfg = Release|Any CPU
		{20AB156B-C0C0-4B85-9BA1-185E016BC34B}.Release|x86.Build.0 = Release|Any CPU
		{999B41A7-9E8B-4A3F-94F0-C82E27EA6378}.Debug|Any CPU.ActiveCfg = Debug|Any CPU
		{999B41A7-9E8B-4A3F-94F0-C82E27EA6378}.Debug|Any CPU.Build.0 = Debug|Any CPU
		{999B41A7-9E8B-4A3F-94F0-C82E27EA6378}.Debug|x64.ActiveCfg = Debug|Any CPU
		{999B41A7-9E8B-4A3F-94F0-C82E27EA6378}.Debug|x64.Build.0 = Debug|Any CPU
		{999B41A7-9E8B-4A3F-94F0-C82E27EA6378}.Debug|x86.ActiveCfg = Debug|Any CPU
		{999B41A7-9E8B-4A3F-94F0-C82E27EA6378}.Debug|x86.Build.0 = Debug|Any CPU
		{999B41A7-9E8B-4A3F-94F0-C82E27EA6378}.Release|Any CPU.ActiveCfg = Release|Any CPU
		{999B41A7-9E8B-4A3F-94F0-C82E27EA6378}.Release|Any CPU.Build.0 = Release|Any CPU
		{999B41A7-9E8B-4A3F-94F0-C82E27EA6378}.Release|x64.ActiveCfg = Release|Any CPU
		{999B41A7-9E8B-4A3F-94F0-C82E27EA6378}.Release|x64.Build.0 = Release|Any CPU
		{999B41A7-9E8B-4A3F-94F0-C82E27EA6378}.Release|x86.ActiveCfg = Release|Any CPU
		{999B41A7-9E8B-4A3F-94F0-C82E27EA6378}.Release|x86.Build.0 = Release|Any CPU
		{B28BB91E-65B9-469C-9892-23A17797501F}.Debug|Any CPU.ActiveCfg = Debug|Any CPU
		{B28BB91E-65B9-469C-9892-23A17797501F}.Debug|Any CPU.Build.0 = Debug|Any CPU
		{B28BB91E-65B9-469C-9892-23A17797501F}.Debug|x64.ActiveCfg = Debug|Any CPU
		{B28BB91E-65B9-469C-9892-23A17797501F}.Debug|x64.Build.0 = Debug|Any CPU
		{B28BB91E-65B9-469C-9892-23A17797501F}.Debug|x86.ActiveCfg = Debug|Any CPU
		{B28BB91E-65B9-469C-9892-23A17797501F}.Debug|x86.Build.0 = Debug|Any CPU
		{B28BB91E-65B9-469C-9892-23A17797501F}.Release|Any CPU.ActiveCfg = Release|Any CPU
		{B28BB91E-65B9-469C-9892-23A17797501F}.Release|Any CPU.Build.0 = Release|Any CPU
		{B28BB91E-65B9-469C-9892-23A17797501F}.Release|x64.ActiveCfg = Release|Any CPU
		{B28BB91E-65B9-469C-9892-23A17797501F}.Release|x64.Build.0 = Release|Any CPU
		{B28BB91E-65B9-469C-9892-23A17797501F}.Release|x86.ActiveCfg = Release|Any CPU
		{B28BB91E-65B9-469C-9892-23A17797501F}.Release|x86.Build.0 = Release|Any CPU
	EndGlobalSection
	GlobalSection(SolutionProperties) = preSolution
		HideSolutionNode = FALSE
	EndGlobalSection
	GlobalSection(NestedProjects) = preSolution
		{B499D0A5-5E3C-4A14-B8E0-BC486E0DFC72} = {827E0CD3-B72D-47B6-A68D-7590B98EB39B}
		{3663F656-1866-4770-A453-20FC81CB7C4A} = {827E0CD3-B72D-47B6-A68D-7590B98EB39B}
		{EC447DCF-ABFA-6E24-52A5-D7FD48A5C558} = {827E0CD3-B72D-47B6-A68D-7590B98EB39B}
		{9286D407-A9C7-4507-AD5D-2175FDF43B7F} = {EC447DCF-ABFA-6E24-52A5-D7FD48A5C558}
		{EE0717E1-3B37-4C0F-A531-51D3A076900D} = {EC447DCF-ABFA-6E24-52A5-D7FD48A5C558}
		{DAF36978-D58F-4AC5-A5A8-030859E55EFA} = {EC447DCF-ABFA-6E24-52A5-D7FD48A5C558}
		{D0B42C28-140A-4F28-B1EF-D32B5B06B53B} = {EC447DCF-ABFA-6E24-52A5-D7FD48A5C558}
		{A1B2C3D4-E5F6-7890-ABCD-EF1234567890} = {EC447DCF-ABFA-6E24-52A5-D7FD48A5C558}
		{B1C2D3E4-F5A6-7890-BCDE-F12345678901} = {EC447DCF-ABFA-6E24-52A5-D7FD48A5C558}
		{A0D5CFC0-BA89-40C1-AF33-BD033561B42C} = {EC447DCF-ABFA-6E24-52A5-D7FD48A5C558}
		{DEEB17EF-BE05-4766-803A-1FBFD98878DD} = {0AB3BF05-4346-4AA6-1389-037BE0695223}
		{B5FC53BA-1D28-4FDD-8B24-5E2B91585C02} = {EC447DCF-ABFA-6E24-52A5-D7FD48A5C558}
		{E12F758A-0C19-4FD1-ABD4-674761498EC9} = {EC447DCF-ABFA-6E24-52A5-D7FD48A5C558}
		{20AB156B-C0C0-4B85-9BA1-185E016BC34B} = {EC447DCF-ABFA-6E24-52A5-D7FD48A5C558}
		{999B41A7-9E8B-4A3F-94F0-C82E27EA6378} = {EC447DCF-ABFA-6E24-52A5-D7FD48A5C558}
		{B28BB91E-65B9-469C-9892-23A17797501F} = {CA253913-39DE-BFD0-C9A3-4B7EC6FBDF17}
	EndGlobalSection
EndGlobal
